// !$*UTF8*$!
{
	archiveVersion = 1;
	classes = {
	};
	objectVersion = 50;
	objects = {

/* Begin PBXBuildFile section */
		230113BD24ECF372001A796D /* InformationView.swift in Sources */ = {isa = PBXBuildFile; fileRef = 230113BC24ECF372001A796D /* InformationView.swift */; };
		230113BF24ECF3B4001A796D /* NotificationView.swift in Sources */ = {isa = PBXBuildFile; fileRef = 230113BE24ECF3B4001A796D /* NotificationView.swift */; };
		2350A9D424DA2AAF0085E35C /* AppDelegate.swift in Sources */ = {isa = PBXBuildFile; fileRef = 2350A9D324DA2AAF0085E35C /* AppDelegate.swift */; };
		2350A9D624DA2AAF0085E35C /* SceneDelegate.swift in Sources */ = {isa = PBXBuildFile; fileRef = 2350A9D524DA2AAF0085E35C /* SceneDelegate.swift */; };
		2350A9D824DA2AAF0085E35C /* ContentView.swift in Sources */ = {isa = PBXBuildFile; fileRef = 2350A9D724DA2AAF0085E35C /* ContentView.swift */; };
		2350A9DA24DA2AB30085E35C /* Assets.xcassets in Resources */ = {isa = PBXBuildFile; fileRef = 2350A9D924DA2AB30085E35C /* Assets.xcassets */; };
		2350A9DD24DA2AB30085E35C /* Preview Assets.xcassets in Resources */ = {isa = PBXBuildFile; fileRef = 2350A9DC24DA2AB30085E35C /* Preview Assets.xcassets */; };
		2350A9E024DA2AB30085E35C /* LaunchScreen.storyboard in Resources */ = {isa = PBXBuildFile; fileRef = 2350A9DE24DA2AB30085E35C /* LaunchScreen.storyboard */; };
		2350A9E824DA2E410085E35C /* HomeView.swift in Sources */ = {isa = PBXBuildFile; fileRef = 2350A9E724DA2E410085E35C /* HomeView.swift */; };
		2350A9EA24DA2EF50085E35C /* SettingView.swift in Sources */ = {isa = PBXBuildFile; fileRef = 2350A9E924DA2EF50085E35C /* SettingView.swift */; };
/* End PBXBuildFile section */

/* Begin PBXFileReference section */
		230113BC24ECF372001A796D /* InformationView.swift */ = {isa = PBXFileReference; lastKnownFileType = sourcecode.swift; path = InformationView.swift; sourceTree = "<group>"; };
		230113BE24ECF3B4001A796D /* NotificationView.swift */ = {isa = PBXFileReference; lastKnownFileType = sourcecode.swift; path = NotificationView.swift; sourceTree = "<group>"; };
		2350A9D024DA2AAF0085E35C /* august.app */ = {isa = PBXFileReference; explicitFileType = wrapper.application; includeInIndex = 0; path = august.app; sourceTree = BUILT_PRODUCTS_DIR; };
		2350A9D324DA2AAF0085E35C /* AppDelegate.swift */ = {isa = PBXFileReference; lastKnownFileType = sourcecode.swift; path = AppDelegate.swift; sourceTree = "<group>"; };
		2350A9D524DA2AAF0085E35C /* SceneDelegate.swift */ = {isa = PBXFileReference; lastKnownFileType = sourcecode.swift; path = SceneDelegate.swift; sourceTree = "<group>"; };
		2350A9D724DA2AAF0085E35C /* ContentView.swift */ = {isa = PBXFileReference; lastKnownFileType = sourcecode.swift; path = ContentView.swift; sourceTree = "<group>"; };
		2350A9D924DA2AB30085E35C /* Assets.xcassets */ = {isa = PBXFileReference; lastKnownFileType = folder.assetcatalog; path = Assets.xcassets; sourceTree = "<group>"; };
		2350A9DC24DA2AB30085E35C /* Preview Assets.xcassets */ = {isa = PBXFileReference; lastKnownFileType = folder.assetcatalog; path = "Preview Assets.xcassets"; sourceTree = "<group>"; };
		2350A9DF24DA2AB30085E35C /* Base */ = {isa = PBXFileReference; lastKnownFileType = file.storyboard; name = Base; path = Base.lproj/LaunchScreen.storyboard; sourceTree = "<group>"; };
		2350A9E124DA2AB30085E35C /* Info.plist */ = {isa = PBXFileReference; lastKnownFileType = text.plist.xml; path = Info.plist; sourceTree = "<group>"; };
		2350A9E724DA2E410085E35C /* HomeView.swift */ = {isa = PBXFileReference; lastKnownFileType = sourcecode.swift; path = HomeView.swift; sourceTree = "<group>"; };
		2350A9E924DA2EF50085E35C /* SettingView.swift */ = {isa = PBXFileReference; lastKnownFileType = sourcecode.swift; path = SettingView.swift; sourceTree = "<group>"; };
/* End PBXFileReference section */

/* Begin PBXFrameworksBuildPhase section */
		2350A9CD24DA2AAF0085E35C /* Frameworks */ = {
			isa = PBXFrameworksBuildPhase;
			buildActionMask = 2147483647;
			files = (
			);
			runOnlyForDeploymentPostprocessing = 0;
		};
/* End PBXFrameworksBuildPhase section */

/* Begin PBXGroup section */
		2350A9C724DA2AAE0085E35C = {
			isa = PBXGroup;
			children = (
				2350A9D224DA2AAF0085E35C /* august */,
				2350A9D124DA2AAF0085E35C /* Products */,
			);
			sourceTree = "<group>";
		};
		2350A9D124DA2AAF0085E35C /* Products */ = {
			isa = PBXGroup;
			children = (
				2350A9D024DA2AAF0085E35C /* august.app */,
			);
			name = Products;
			sourceTree = "<group>";
		};
		2350A9D224DA2AAF0085E35C /* august */ = {
			isa = PBXGroup;
			children = (
				2350A9D324DA2AAF0085E35C /* AppDelegate.swift */,
				2350A9D524DA2AAF0085E35C /* SceneDelegate.swift */,
				2350A9D724DA2AAF0085E35C /* ContentView.swift */,
				2350A9E724DA2E410085E35C /* HomeView.swift */,
				2350A9E924DA2EF50085E35C /* SettingView.swift */,
				230113BC24ECF372001A796D /* InformationView.swift */,
				230113BE24ECF3B4001A796D /* NotificationView.swift */,
				2350A9D924DA2AB30085E35C /* Assets.xcassets */,
				2350A9DE24DA2AB30085E35C /* LaunchScreen.storyboard */,
				2350A9E124DA2AB30085E35C /* Info.plist */,
				2350A9DB24DA2AB30085E35C /* Preview Content */,
			);
			path = august;
			sourceTree = "<group>";
		};
		2350A9DB24DA2AB30085E35C /* Preview Content */ = {
			isa = PBXGroup;
			children = (
				2350A9DC24DA2AB30085E35C /* Preview Assets.xcassets */,
			);
			path = "Preview Content";
			sourceTree = "<group>";
		};
/* End PBXGroup section */

/* Begin PBXNativeTarget section */
		2350A9CF24DA2AAF0085E35C /* august */ = {
			isa = PBXNativeTarget;
			buildConfigurationList = 2350A9E424DA2AB30085E35C /* Build configuration list for PBXNativeTarget "august" */;
			buildPhases = (
				2350A9CC24DA2AAF0085E35C /* Sources */,
				2350A9CD24DA2AAF0085E35C /* Frameworks */,
				2350A9CE24DA2AAF0085E35C /* Resources */,
			);
			buildRules = (
			);
			dependencies = (
			);
			name = august;
			productName = august;
			productReference = 2350A9D024DA2AAF0085E35C /* august.app */;
			productType = "com.apple.product-type.application";
		};
/* End PBXNativeTarget section */

/* Begin PBXProject section */
		2350A9C824DA2AAF0085E35C /* Project object */ = {
			isa = PBXProject;
			attributes = {
				LastSwiftUpdateCheck = 1150;
				LastUpgradeCheck = 1150;
				ORGANIZATIONNAME = "谷口幸路";
				TargetAttributes = {
					2350A9CF24DA2AAF0085E35C = {
						CreatedOnToolsVersion = 11.5;
					};
				};
			};
			buildConfigurationList = 2350A9CB24DA2AAF0085E35C /* Build configuration list for PBXProject "august" */;
			compatibilityVersion = "Xcode 9.3";
			developmentRegion = en;
			hasScannedForEncodings = 0;
			knownRegions = (
				en,
				Base,
			);
			mainGroup = 2350A9C724DA2AAE0085E35C;
			productRefGroup = 2350A9D124DA2AAF0085E35C /* Products */;
			projectDirPath = "";
			projectRoot = "";
			targets = (
				2350A9CF24DA2AAF0085E35C /* august */,
			);
		};
/* End PBXProject section */

/* Begin PBXResourcesBuildPhase section */
		2350A9CE24DA2AAF0085E35C /* Resources */ = {
			isa = PBXResourcesBuildPhase;
			buildActionMask = 2147483647;
			files = (
				2350A9E024DA2AB30085E35C /* LaunchScreen.storyboard in Resources */,
				2350A9DD24DA2AB30085E35C /* Preview Assets.xcassets in Resources */,
				2350A9DA24DA2AB30085E35C /* Assets.xcassets in Resources */,
			);
			runOnlyForDeploymentPostprocessing = 0;
		};
/* End PBXResourcesBuildPhase section */

/* Begin PBXSourcesBuildPhase section */
		2350A9CC24DA2AAF0085E35C /* Sources */ = {
			isa = PBXSourcesBuildPhase;
			buildActionMask = 2147483647;
			files = (
				2350A9D424DA2AAF0085E35C /* AppDelegate.swift in Sources */,
				2350A9EA24DA2EF50085E35C /* SettingView.swift in Sources */,
				2350A9E824DA2E410085E35C /* HomeView.swift in Sources */,
				230113BF24ECF3B4001A796D /* NotificationView.swift in Sources */,
				230113BD24ECF372001A796D /* InformationView.swift in Sources */,
				2350A9D624DA2AAF0085E35C /* SceneDelegate.swift in Sources */,
				2350A9D824DA2AAF0085E35C /* ContentView.swift in Sources */,
			);
			runOnlyForDeploymentPostprocessing = 0;
		};
/* End PBXSourcesBuildPhase section */

/* Begin PBXVariantGroup section */
		2350A9DE24DA2AB30085E35C /* LaunchScreen.storyboard */ = {
			isa = PBXVariantGroup;
			children = (
				2350A9DF24DA2AB30085E35C /* Base */,
			);
			name = LaunchScreen.storyboard;
			sourceTree = "<group>";
		};
/* End PBXVariantGroup section */

/* Begin XCBuildConfiguration section */
		2350A9E224DA2AB30085E35C /* Debug */ = {
			isa = XCBuildConfiguration;
			buildSettings = {
				ALWAYS_SEARCH_USER_PATHS = NO;
				CLANG_ANALYZER_NONNULL = YES;
				CLANG_ANALYZER_NUMBER_OBJECT_CONVERSION = YES_AGGRESSIVE;
				CLANG_CXX_LANGUAGE_STANDARD = "gnu++14";
				CLANG_CXX_LIBRARY = "libc++";
				CLANG_ENABLE_MODULES = YES;
				CLANG_ENABLE_OBJC_ARC = YES;
				CLANG_ENABLE_OBJC_WEAK = YES;
				CLANG_WARN_BLOCK_CAPTURE_AUTORELEASING = YES;
				CLANG_WARN_BOOL_CONVERSION = YES;
				CLANG_WARN_COMMA = YES;
				CLANG_WARN_CONSTANT_CONVERSION = YES;
				CLANG_WARN_DEPRECATED_OBJC_IMPLEMENTATIONS = YES;
				CLANG_WARN_DIRECT_OBJC_ISA_USAGE = YES_ERROR;
				CLANG_WARN_DOCUMENTATION_COMMENTS = YES;
				CLANG_WARN_EMPTY_BODY = YES;
				CLANG_WARN_ENUM_CONVERSION = YES;
				CLANG_WARN_INFINITE_RECURSION = YES;
				CLANG_WARN_INT_CONVERSION = YES;
				CLANG_WARN_NON_LITERAL_NULL_CONVERSION = YES;
				CLANG_WARN_OBJC_IMPLICIT_RETAIN_SELF = YES;
				CLANG_WARN_OBJC_LITERAL_CONVERSION = YES;
				CLANG_WARN_OBJC_ROOT_CLASS = YES_ERROR;
				CLANG_WARN_RANGE_LOOP_ANALYSIS = YES;
				CLANG_WARN_STRICT_PROTOTYPES = YES;
				CLANG_WARN_SUSPICIOUS_MOVE = YES;
				CLANG_WARN_UNGUARDED_AVAILABILITY = YES_AGGRESSIVE;
				CLANG_WARN_UNREACHABLE_CODE = YES;
				CLANG_WARN__DUPLICATE_METHOD_MATCH = YES;
				COPY_PHASE_STRIP = NO;
				DEBUG_INFORMATION_FORMAT = dwarf;
				ENABLE_STRICT_OBJC_MSGSEND = YES;
				ENABLE_TESTABILITY = YES;
				GCC_C_LANGUAGE_STANDARD = gnu11;
				GCC_DYNAMIC_NO_PIC = NO;
				GCC_NO_COMMON_BLOCKS = YES;
				GCC_OPTIMIZATION_LEVEL = 0;
				GCC_PREPROCESSOR_DEFINITIONS = (
					"DEBUG=1",
					"$(inherited)",
				);
				GCC_WARN_64_TO_32_BIT_CONVERSION = YES;
				GCC_WARN_ABOUT_RETURN_TYPE = YES_ERROR;
				GCC_WARN_UNDECLARED_SELECTOR = YES;
				GCC_WARN_UNINITIALIZED_AUTOS = YES_AGGRESSIVE;
				GCC_WARN_UNUSED_FUNCTION = YES;
				GCC_WARN_UNUSED_VARIABLE = YES;
				IPHONEOS_DEPLOYMENT_TARGET = 13.5;
				MTL_ENABLE_DEBUG_INFO = INCLUDE_SOURCE;
				MTL_FAST_MATH = YES;
				ONLY_ACTIVE_ARCH = YES;
				SDKROOT = iphoneos;
				SWIFT_ACTIVE_COMPILATION_CONDITIONS = DEBUG;
				SWIFT_OPTIMIZATION_LEVEL = "-Onone";
			};
			name = Debug;
		};
		2350A9E324DA2AB30085E35C /* Release */ = {
			isa = XCBuildConfiguration;
			buildSettings = {
				ALWAYS_SEARCH_USER_PATHS = NO;
				CLANG_ANALYZER_NONNULL = YES;
				CLANG_ANALYZER_NUMBER_OBJECT_CONVERSION = YES_AGGRESSIVE;
				CLANG_CXX_LANGUAGE_STANDARD = "gnu++14";
				CLANG_CXX_LIBRARY = "libc++";
				CLANG_ENABLE_MODULES = YES;
				CLANG_ENABLE_OBJC_ARC = YES;
				CLANG_ENABLE_OBJC_WEAK = YES;
				CLANG_WARN_BLOCK_CAPTURE_AUTORELEASING = YES;
				CLANG_WARN_BOOL_CONVERSION = YES;
				CLANG_WARN_COMMA = YES;
				CLANG_WARN_CONSTANT_CONVERSION = YES;
				CLANG_WARN_DEPRECATED_OBJC_IMPLEMENTATIONS = YES;
				CLANG_WARN_DIRECT_OBJC_ISA_USAGE = YES_ERROR;
				CLANG_WARN_DOCUMENTATION_COMMENTS = YES;
				CLANG_WARN_EMPTY_BODY = YES;
				CLANG_WARN_ENUM_CONVERSION = YES;
				CLANG_WARN_INFINITE_RECURSION = YES;
				CLANG_WARN_INT_CONVERSION = YES;
				CLANG_WARN_NON_LITERAL_NULL_CONVERSION = YES;
				CLANG_WARN_OBJC_IMPLICIT_RETAIN_SELF = YES;
				CLANG_WARN_OBJC_LITERAL_CONVERSION = YES;
				CLANG_WARN_OBJC_ROOT_CLASS = YES_ERROR;
				CLANG_WARN_RANGE_LOOP_ANALYSIS = YES;
				CLANG_WARN_STRICT_PROTOTYPES = YES;
				CLANG_WARN_SUSPICIOUS_MOVE = YES;
				CLANG_WARN_UNGUARDED_AVAILABILITY = YES_AGGRESSIVE;
				CLANG_WARN_UNREACHABLE_CODE = YES;
				CLANG_WARN__DUPLICATE_METHOD_MATCH = YES;
				COPY_PHASE_STRIP = NO;
				DEBUG_INFORMATION_FORMAT = "dwarf-with-dsym";
				ENABLE_NS_ASSERTIONS = NO;
				ENABLE_STRICT_OBJC_MSGSEND = YES;
				GCC_C_LANGUAGE_STANDARD = gnu11;
				GCC_NO_COMMON_BLOCKS = YES;
				GCC_WARN_64_TO_32_BIT_CONVERSION = YES;
				GCC_WARN_ABOUT_RETURN_TYPE = YES_ERROR;
				GCC_WARN_UNDECLARED_SELECTOR = YES;
				GCC_WARN_UNINITIALIZED_AUTOS = YES_AGGRESSIVE;
				GCC_WARN_UNUSED_FUNCTION = YES;
				GCC_WARN_UNUSED_VARIABLE = YES;
				IPHONEOS_DEPLOYMENT_TARGET = 13.5;
				MTL_ENABLE_DEBUG_INFO = NO;
				MTL_FAST_MATH = YES;
				SDKROOT = iphoneos;
				SWIFT_COMPILATION_MODE = wholemodule;
				SWIFT_OPTIMIZATION_LEVEL = "-O";
				VALIDATE_PRODUCT = YES;
			};
			name = Release;
		};
		2350A9E524DA2AB30085E35C /* Debug */ = {
			isa = XCBuildConfiguration;
			buildSettings = {
				ASSETCATALOG_COMPILER_APPICON_NAME = AppIcon;
				CODE_SIGN_STYLE = Automatic;
				DEVELOPMENT_ASSET_PATHS = "\"august/Preview Content\"";
				DEVELOPMENT_TEAM = 534Y32N8V4;
				ENABLE_PREVIEWS = YES;
				INFOPLIST_FILE = august/Info.plist;
				LD_RUNPATH_SEARCH_PATHS = (
					"$(inherited)",
					"@executable_path/Frameworks",
				);
				PRODUCT_BUNDLE_IDENTIFIER = "jp.magictouch-inc.august";
				PRODUCT_NAME = "$(TARGET_NAME)";
				SWIFT_VERSION = 5.0;
				TARGETED_DEVICE_FAMILY = "1,2";
			};
			name = Debug;
		};
		2350A9E624DA2AB30085E35C /* Release */ = {
			isa = XCBuildConfiguration;
			buildSettings = {
				ASSETCATALOG_COMPILER_APPICON_NAME = AppIcon;
				CODE_SIGN_STYLE = Automatic;
				DEVELOPMENT_ASSET_PATHS = "\"august/Preview Content\"";
				DEVELOPMENT_TEAM = 534Y32N8V4;
				ENABLE_PREVIEWS = YES;
				INFOPLIST_FILE = august/Info.plist;
				LD_RUNPATH_SEARCH_PATHS = (
					"$(inherited)",
					"@executable_path/Frameworks",
				);
				PRODUCT_BUNDLE_IDENTIFIER = "jp.magictouch-inc.august";
				PRODUCT_NAME = "$(TARGET_NAME)";
				SWIFT_VERSION = 5.0;
				TARGETED_DEVICE_FAMILY = "1,2";
			};
			name = Release;
		};
/* End XCBuildConfiguration section */

/* Begin XCConfigurationList section */
		2350A9CB24DA2AAF0085E35C /* Build configuration list for PBXProject "august" */ = {
			isa = XCConfigurationList;
			buildConfigurations = (
				2350A9E224DA2AB30085E35C /* Debug */,
				2350A9E324DA2AB30085E35C /* Release */,
			);
			defaultConfigurationIsVisible = 0;
			defaultConfigurationName = Release;
		};
		2350A9E424DA2AB30085E35C /* Build configuration list for PBXNativeTarget "august" */ = {
			isa = XCConfigurationList;
			buildConfigurations = (
				2350A9E524DA2AB30085E35C /* Debug */,
				2350A9E624DA2AB30085E35C /* Release */,
			);
			defaultConfigurationIsVisible = 0;
			defaultConfigurationName = Release;
		};
/* End XCConfigurationList section */
	};
	rootObject = 2350A9C824DA2AAF0085E35C /* Project object */;
}
